
Microsoft Visual Studio Solution File, Format Version 12.00
# Visual Studio Version 16
VisualStudioVersion = 16.0.31410.357
MinimumVisualStudioVersion = 10.0.40219.1
Project("{FAE04EC0-301F-11D3-BF4B-00C04F79EFBC}") = "StoreStockWeb.Services", "StoreStockWeb.Services.csproj", "{7FE2485C-DD57-4516-BA89-78B8EED6DD1A}"
EndProject
Project("{FAE04EC0-301F-11D3-BF4B-00C04F79EFBC}") = "Reloader", "..\Reloader\Reloader.csproj", "{13B44479-6991-4E71-BB30-F80460D3B7CA}"
EndProject
Global
	GlobalSection(SolutionConfigurationPlatforms) = preSolution
		Debug|Any CPU = Debug|Any CPU
		Release|Any CPU = Release|Any CPU
	EndGlobalSection
	GlobalSection(ProjectConfigurationPlatforms) = postSolution
		{7FE2485C-DD57-4516-BA89-78B8EED6DD1A}.Debug|Any CPU.ActiveCfg = Debug|Any CPU
		{7FE2485C-DD57-4516-BA89-78B8EED6DD1A}.Debug|Any CPU.Build.0 = Debug|Any CPU
		{7FE2485C-DD57-4516-BA89-78B8EED6DD1A}.Release|Any CPU.ActiveCfg = Release|Any CPU
		{7FE2485C-DD57-4516-BA89-78B8EED6DD1A}.Release|Any CPU.Build.0 = Release|Any CPU
		{13B44479-6991-4E71-BB30-F80460D3B7CA}.Debug|Any CPU.ActiveCfg = Debug|Any CPU
		{13B44479-6991-4E71-BB30-F80460D3B7CA}.Debug|Any CPU.Build.0 = Debug|Any CPU
		{13B44479-6991-4E71-BB30-F80460D3B7CA}.Release|Any CPU.ActiveCfg = Release|Any CPU
		{13B44479-6991-4E71-BB30-F80460D3B7CA}.Release|Any CPU.Build.0 = Release|Any CPU
	EndGlobalSection
	GlobalSection(SolutionProperties) = preSolution
		HideSolutionNode = FALSE
	EndGlobalSection
	GlobalSection(ExtensibilityGlobals) = postSolution
		SolutionGuid = {27BB54D8-F1E1-461C-8355-6DE7753EC954}
	EndGlobalSection
EndGlobal
